
Microsoft Visual Studio Solution File, Format Version 12.00
# Visual Studio Version 17
VisualStudioVersion = 17.0.31903.59
MinimumVisualStudioVersion = 10.0.40219.1
Project("{2150E333-8FDC-42A3-9474-1A3956D46DE8}") = "src", "src", "{A2B0CF4D-0F30-4C68-A7F0-4F8318FF8576}"
EndProject
Project("{2150E333-8FDC-42A3-9474-1A3956D46DE8}") = "tests", "tests", "{E497CB5D-C0D3-4150-9169-2E56A1F337EA}"
EndProject
Project("{FAE04EC0-301F-11D3-BF4B-00C04F79EFBC}") = "SlideGuide.Core", "src\SlideGuide.Core\SlideGuide.Core.csproj", "{6682AF58-930A-4D7C-98B6-8582FF594C91}"
EndProject
Project("{FAE04EC0-301F-11D3-BF4B-00C04F79EFBC}") = "SlideGuide.Telemetry", "src\SlideGuide.Telemetry\SlideGuide.Telemetry.csproj", "{41AEE20C-4844-48D5-AA05-58E2722DFB8D}"
EndProject
Project("{FAE04EC0-301F-11D3-BF4B-00C04F79EFBC}") = "SlideGuide.Rendering", "src\SlideGuide.Rendering\SlideGuide.Rendering.csproj", "{9EB1D0C1-CFE0-4CAA-97C3-EA52C208B9D0}"
EndProject
Project("{FAE04EC0-301F-11D3-BF4B-00C04F79EFBC}") = "SlideGuide.Overlays", "src\SlideGuide.Overlays\SlideGuide.Overlays.csproj", "{69D5CEAA-7DD4-4DC9-90C9-9D19FBAA3C23}"
EndProject
Project("{FAE04EC0-301F-11D3-BF4B-00C04F79EFBC}") = "SlideGuide.App", "src\SlideGuide.App\SlideGuide.App.csproj", "{4829B3BB-C07D-4CC9-BD2D-82D433DF1C11}"
EndProject
Project("{FAE04EC0-301F-11D3-BF4B-00C04F79EFBC}") = "SlideGuide.Core.Tests", "tests\SlideGuide.Core.Tests\SlideGuide.Core.Tests.csproj", "{5DE6D416-C5B6-469E-9AA3-EDFE6B877B5C}"
EndProject
Project("{FAE04EC0-301F-11D3-BF4B-00C04F79EFBC}") = "SlideGuide.Telemetry.Tests", "tests\SlideGuide.Telemetry.Tests\SlideGuide.Telemetry.Tests.csproj", "{EFDC0766-0E3E-4D60-833A-30602C910959}"
EndProject
Project("{FAE04EC0-301F-11D3-BF4B-00C04F79EFBC}") = "SlideGuide.Integration.Tests", "tests\SlideGuide.Integration.Tests\SlideGuide.Integration.Tests.csproj", "{77F8A7EE-0993-4349-9E1C-F9CF45FE5EB7}"
EndProject
Global
	GlobalSection(SolutionConfigurationPlatforms) = preSolution
		Debug|Any CPU = Debug|Any CPU
		Release|Any CPU = Release|Any CPU
	EndGlobalSection
	GlobalSection(SolutionProperties) = preSolution
		HideSolutionNode = FALSE
	EndGlobalSection
	GlobalSection(ProjectConfigurationPlatforms) = postSolution
		{6682AF58-930A-4D7C-98B6-8582FF594C91}.Debug|Any CPU.ActiveCfg = Debug|Any CPU
		{6682AF58-930A-4D7C-98B6-8582FF594C91}.Debug|Any CPU.Build.0 = Debug|Any CPU
		{6682AF58-930A-4D7C-98B6-8582FF594C91}.Release|Any CPU.ActiveCfg = Release|Any CPU
		{6682AF58-930A-4D7C-98B6-8582FF594C91}.Release|Any CPU.Build.0 = Release|Any CPU
		{41AEE20C-4844-48D5-AA05-58E2722DFB8D}.Debug|Any CPU.ActiveCfg = Debug|Any CPU
		{41AEE20C-4844-48D5-AA05-58E2722DFB8D}.Debug|Any CPU.Build.0 = Debug|Any CPU
		{41AEE20C-4844-48D5-AA05-58E2722DFB8D}.Release|Any CPU.ActiveCfg = Release|Any CPU
		{41AEE20C-4844-48D5-AA05-58E2722DFB8D}.Release|Any CPU.Build.0 = Release|Any CPU
		{9EB1D0C1-CFE0-4CAA-97C3-EA52C208B9D0}.Debug|Any CPU.ActiveCfg = Debug|Any CPU
		{9EB1D0C1-CFE0-4CAA-97C3-EA52C208B9D0}.Debug|Any CPU.Build.0 = Debug|Any CPU
		{9EB1D0C1-CFE0-4CAA-97C3-EA52C208B9D0}.Release|Any CPU.ActiveCfg = Release|Any CPU
		{9EB1D0C1-CFE0-4CAA-97C3-EA52C208B9D0}.Release|Any CPU.Build.0 = Release|Any CPU
		{69D5CEAA-7DD4-4DC9-90C9-9D19FBAA3C23}.Debug|Any CPU.ActiveCfg = Debug|Any CPU
		{69D5CEAA-7DD4-4DC9-90C9-9D19FBAA3C23}.Debug|Any CPU.Build.0 = Debug|Any CPU
		{69D5CEAA-7DD4-4DC9-90C9-9D19FBAA3C23}.Release|Any CPU.ActiveCfg = Release|Any CPU
		{69D5CEAA-7DD4-4DC9-90C9-9D19FBAA3C23}.Release|Any CPU.Build.0 = Release|Any CPU
		{4829B3BB-C07D-4CC9-BD2D-82D433DF1C11}.Debug|Any CPU.ActiveCfg = Debug|x64
		{4829B3BB-C07D-4CC9-BD2D-82D433DF1C11}.Debug|Any CPU.Build.0 = Debug|x64
		{4829B3BB-C07D-4CC9-BD2D-82D433DF1C11}.Release|Any CPU.ActiveCfg = Release|x64
		{4829B3BB-C07D-4CC9-BD2D-82D433DF1C11}.Release|Any CPU.Build.0 = Release|x64
		{5DE6D416-C5B6-469E-9AA3-EDFE6B877B5C}.Debug|Any CPU.ActiveCfg = Debug|Any CPU
		{5DE6D416-C5B6-469E-9AA3-EDFE6B877B5C}.Debug|Any CPU.Build.0 = Debug|Any CPU
		{5DE6D416-C5B6-469E-9AA3-EDFE6B877B5C}.Release|Any CPU.ActiveCfg = Release|Any CPU
		{5DE6D416-C5B6-469E-9AA3-EDFE6B877B5C}.Release|Any CPU.Build.0 = Release|Any CPU
		{EFDC0766-0E3E-4D60-833A-30602C910959}.Debug|Any CPU.ActiveCfg = Debug|Any CPU
		{EFDC0766-0E3E-4D60-833A-30602C910959}.Debug|Any CPU.Build.0 = Debug|Any CPU
		{EFDC0766-0E3E-4D60-833A-30602C910959}.Release|Any CPU.ActiveCfg = Release|Any CPU
		{EFDC0766-0E3E-4D60-833A-30602C910959}.Release|Any CPU.Build.0 = Release|Any CPU
		{77F8A7EE-0993-4349-9E1C-F9CF45FE5EB7}.Debug|Any CPU.ActiveCfg = Debug|Any CPU
		{77F8A7EE-0993-4349-9E1C-F9CF45FE5EB7}.Debug|Any CPU.Build.0 = Debug|Any CPU
		{77F8A7EE-0993-4349-9E1C-F9CF45FE5EB7}.Release|Any CPU.ActiveCfg = Release|Any CPU
		{77F8A7EE-0993-4349-9E1C-F9CF45FE5EB7}.Release|Any CPU.Build.0 = Release|Any CPU
	EndGlobalSection
	GlobalSection(NestedProjects) = preSolution
		{6682AF58-930A-4D7C-98B6-8582FF594C91} = {A2B0CF4D-0F30-4C68-A7F0-4F8318FF8576}
		{41AEE20C-4844-48D5-AA05-58E2722DFB8D} = {A2B0CF4D-0F30-4C68-A7F0-4F8318FF8576}
		{9EB1D0C1-CFE0-4CAA-97C3-EA52C208B9D0} = {A2B0CF4D-0F30-4C68-A7F0-4F8318FF8576}
		{69D5CEAA-7DD4-4DC9-90C9-9D19FBAA3C23} = {A2B0CF4D-0F30-4C68-A7F0-4F8318FF8576}
		{4829B3BB-C07D-4CC9-BD2D-82D433DF1C11} = {A2B0CF4D-0F30-4C68-A7F0-4F8318FF8576}
		{5DE6D416-C5B6-469E-9AA3-EDFE6B877B5C} = {E497CB5D-C0D3-4150-9169-2E56A1F337EA}
		{EFDC0766-0E3E-4D60-833A-30602C910959} = {E497CB5D-C0D3-4150-9169-2E56A1F337EA}
		{77F8A7EE-0993-4349-9E1C-F9CF45FE5EB7} = {E497CB5D-C0D3-4150-9169-2E56A1F337EA}
	EndGlobalSection
EndGlobal
